// !$*UTF8*$!
{
	archiveVersion = 1;
	classes = {
	};
	objectVersion = 48;
	objects = {

/* Begin PBXBuildFile section */
		65014D9F1FC1A6AB00181B62 /* Main menu background.png in Resources */ = {isa = PBXBuildFile; fileRef = 65014D9E1FC1A6AB00181B62 /* Main menu background.png */; };
		651417BF1FC1F49900030A4C /* PageViewController.m in Sources */ = {isa = PBXBuildFile; fileRef = 651417BE1FC1F49900030A4C /* PageViewController.m */; };
		651417C21FC1F52C00030A4C /* InstructionsViewController.m in Sources */ = {isa = PBXBuildFile; fileRef = 651417C11FC1F52C00030A4C /* InstructionsViewController.m */; };
		657BA7551FC3507700B11C4B /* UPI Background1.2.png in Resources */ = {isa = PBXBuildFile; fileRef = 657BA7541FC3507700B11C4B /* UPI Background1.2.png */; };
		657BA7571FC3613300B11C4B /* Date Picker Square (1).png in Resources */ = {isa = PBXBuildFile; fileRef = 657BA7561FC3613300B11C4B /* Date Picker Square (1).png */; };
		65AF64511FC0E240009D6315 /* AppDelegate.m in Sources */ = {isa = PBXBuildFile; fileRef = 65AF64501FC0E240009D6315 /* AppDelegate.m */; };
		65AF64541FC0E240009D6315 /* UPIViewController.m in Sources */ = {isa = PBXBuildFile; fileRef = 65AF64531FC0E240009D6315 /* UPIViewController.m */; };
		65AF64571FC0E240009D6315 /* Main.storyboard in Resources */ = {isa = PBXBuildFile; fileRef = 65AF64551FC0E240009D6315 /* Main.storyboard */; };
		65AF64591FC0E240009D6315 /* Assets.xcassets in Resources */ = {isa = PBXBuildFile; fileRef = 65AF64581FC0E240009D6315 /* Assets.xcassets */; };
		65AF645C1FC0E240009D6315 /* LaunchScreen.storyboard in Resources */ = {isa = PBXBuildFile; fileRef = 65AF645A1FC0E240009D6315 /* LaunchScreen.storyboard */; };
		65AF645F1FC0E240009D6315 /* main.m in Sources */ = {isa = PBXBuildFile; fileRef = 65AF645E1FC0E240009D6315 /* main.m */; };
		65AF64691FC0E240009D6315 /* Dot_to_Dot_v_1_0Tests.m in Sources */ = {isa = PBXBuildFile; fileRef = 65AF64681FC0E240009D6315 /* Dot_to_Dot_v_1_0Tests.m */; };
		65AF64741FC0E241009D6315 /* Dot_to_Dot_v_1_0UITests.m in Sources */ = {isa = PBXBuildFile; fileRef = 65AF64731FC0E241009D6315 /* Dot_to_Dot_v_1_0UITests.m */; };
		65AF64821FC0E783009D6315 /* DotToDot logo.png in Resources */ = {isa = PBXBuildFile; fileRef = 65AF64811FC0E782009D6315 /* DotToDot logo.png */; };
		65AF64871FC0E9BC009D6315 /* IndieFlower.ttf in Resources */ = {isa = PBXBuildFile; fileRef = 65AF64861FC0E9BC009D6315 /* IndieFlower.ttf */; };
/* End PBXBuildFile section */

/* Begin PBXContainerItemProxy section */
		65AF64651FC0E240009D6315 /* PBXContainerItemProxy */ = {
			isa = PBXContainerItemProxy;
			containerPortal = 65AF64441FC0E240009D6315 /* Project object */;
			proxyType = 1;
			remoteGlobalIDString = 65AF644B1FC0E240009D6315;
			remoteInfo = "Dot to Dot v.1.0";
		};
		65AF64701FC0E241009D6315 /* PBXContainerItemProxy */ = {
			isa = PBXContainerItemProxy;
			containerPortal = 65AF64441FC0E240009D6315 /* Project object */;
			proxyType = 1;
			remoteGlobalIDString = 65AF644B1FC0E240009D6315;
			remoteInfo = "Dot to Dot v.1.0";
		};
/* End PBXContainerItemProxy section */

/* Begin PBXFileReference section */
		65014D9E1FC1A6AB00181B62 /* Main menu background.png */ = {isa = PBXFileReference; lastKnownFileType = image.png; path = "Main menu background.png"; sourceTree = "<group>"; };
		651417BD1FC1F49900030A4C /* PageViewController.h */ = {isa = PBXFileReference; lastKnownFileType = sourcecode.c.h; path = PageViewController.h; sourceTree = "<group>"; };
		651417BE1FC1F49900030A4C /* PageViewController.m */ = {isa = PBXFileReference; lastKnownFileType = sourcecode.c.objc; path = PageViewController.m; sourceTree = "<group>"; };
		651417C01FC1F52C00030A4C /* InstructionsViewController.h */ = {isa = PBXFileReference; lastKnownFileType = sourcecode.c.h; path = InstructionsViewController.h; sourceTree = "<group>"; };
		651417C11FC1F52C00030A4C /* InstructionsViewController.m */ = {isa = PBXFileReference; lastKnownFileType = sourcecode.c.objc; path = InstructionsViewController.m; sourceTree = "<group>"; };
		657BA7541FC3507700B11C4B /* UPI Background1.2.png */ = {isa = PBXFileReference; lastKnownFileType = image.png; path = "UPI Background1.2.png"; sourceTree = "<group>"; };
		657BA7561FC3613300B11C4B /* Date Picker Square (1).png */ = {isa = PBXFileReference; lastKnownFileType = image.png; path = "Date Picker Square (1).png"; sourceTree = "<group>"; };
		65AF644C1FC0E240009D6315 /* Dot to Dot v.1.0.app */ = {isa = PBXFileReference; explicitFileType = wrapper.application; includeInIndex = 0; path = "Dot to Dot v.1.0.app"; sourceTree = BUILT_PRODUCTS_DIR; };
		65AF644F1FC0E240009D6315 /* AppDelegate.h */ = {isa = PBXFileReference; lastKnownFileType = sourcecode.c.h; path = AppDelegate.h; sourceTree = "<group>"; };
		65AF64501FC0E240009D6315 /* AppDelegate.m */ = {isa = PBXFileReference; lastKnownFileType = sourcecode.c.objc; path = AppDelegate.m; sourceTree = "<group>"; };
		65AF64521FC0E240009D6315 /* UPIViewController.h */ = {isa = PBXFileReference; lastKnownFileType = sourcecode.c.h; path = UPIViewController.h; sourceTree = "<group>"; };
		65AF64531FC0E240009D6315 /* UPIViewController.m */ = {isa = PBXFileReference; lastKnownFileType = sourcecode.c.objc; path = UPIViewController.m; sourceTree = "<group>"; };
		65AF64561FC0E240009D6315 /* Base */ = {isa = PBXFileReference; lastKnownFileType = file.storyboard; name = Base; path = Base.lproj/Main.storyboard; sourceTree = "<group>"; };
		65AF64581FC0E240009D6315 /* Assets.xcassets */ = {isa = PBXFileReference; lastKnownFileType = folder.assetcatalog; path = Assets.xcassets; sourceTree = "<group>"; };
		65AF645B1FC0E240009D6315 /* Base */ = {isa = PBXFileReference; lastKnownFileType = file.storyboard; name = Base; path = Base.lproj/LaunchScreen.storyboard; sourceTree = "<group>"; };
		65AF645D1FC0E240009D6315 /* Info.plist */ = {isa = PBXFileReference; lastKnownFileType = text.plist.xml; path = Info.plist; sourceTree = "<group>"; };
		65AF645E1FC0E240009D6315 /* main.m */ = {isa = PBXFileReference; lastKnownFileType = sourcecode.c.objc; path = main.m; sourceTree = "<group>"; };
		65AF64641FC0E240009D6315 /* Dot to Dot v.1.0Tests.xctest */ = {isa = PBXFileReference; explicitFileType = wrapper.cfbundle; includeInIndex = 0; path = "Dot to Dot v.1.0Tests.xctest"; sourceTree = BUILT_PRODUCTS_DIR; };
		65AF64681FC0E240009D6315 /* Dot_to_Dot_v_1_0Tests.m */ = {isa = PBXFileReference; lastKnownFileType = sourcecode.c.objc; path = Dot_to_Dot_v_1_0Tests.m; sourceTree = "<group>"; };
		65AF646A1FC0E241009D6315 /* Info.plist */ = {isa = PBXFileReference; lastKnownFileType = text.plist.xml; path = Info.plist; sourceTree = "<group>"; };
		65AF646F1FC0E241009D6315 /* Dot to Dot v.1.0UITests.xctest */ = {isa = PBXFileReference; explicitFileType = wrapper.cfbundle; includeInIndex = 0; path = "Dot to Dot v.1.0UITests.xctest"; sourceTree = BUILT_PRODUCTS_DIR; };
		65AF64731FC0E241009D6315 /* Dot_to_Dot_v_1_0UITests.m */ = {isa = PBXFileReference; lastKnownFileType = sourcecode.c.objc; path = Dot_to_Dot_v_1_0UITests.m; sourceTree = "<group>"; };
		65AF64751FC0E241009D6315 /* Info.plist */ = {isa = PBXFileReference; lastKnownFileType = text.plist.xml; path = Info.plist; sourceTree = "<group>"; };
		65AF64811FC0E782009D6315 /* DotToDot logo.png */ = {isa = PBXFileReference; lastKnownFileType = image.png; path = "DotToDot logo.png"; sourceTree = "<group>"; };
		65AF64861FC0E9BC009D6315 /* IndieFlower.ttf */ = {isa = PBXFileReference; lastKnownFileType = file; path = IndieFlower.ttf; sourceTree = "<group>"; };
/* End PBXFileReference section */

/* Begin PBXFrameworksBuildPhase section */
		65AF64491FC0E240009D6315 /* Frameworks */ = {
			isa = PBXFrameworksBuildPhase;
			buildActionMask = 2147483647;
			files = (
			);
			runOnlyForDeploymentPostprocessing = 0;
		};
		65AF64611FC0E240009D6315 /* Frameworks */ = {
			isa = PBXFrameworksBuildPhase;
			buildActionMask = 2147483647;
			files = (
			);
			runOnlyForDeploymentPostprocessing = 0;
		};
		65AF646C1FC0E241009D6315 /* Frameworks */ = {
			isa = PBXFrameworksBuildPhase;
			buildActionMask = 2147483647;
			files = (
			);
			runOnlyForDeploymentPostprocessing = 0;
		};
/* End PBXFrameworksBuildPhase section */

/* Begin PBXGroup section */
		65AF64431FC0E240009D6315 = {
			isa = PBXGroup;
			children = (
				65AF644E1FC0E240009D6315 /* Dot to Dot v.1.0 */,
				65AF64671FC0E240009D6315 /* Dot to Dot v.1.0Tests */,
				65AF64721FC0E241009D6315 /* Dot to Dot v.1.0UITests */,
				65AF644D1FC0E240009D6315 /* Products */,
			);
			sourceTree = "<group>";
		};
		65AF644D1FC0E240009D6315 /* Products */ = {
			isa = PBXGroup;
			children = (
				65AF644C1FC0E240009D6315 /* Dot to Dot v.1.0.app */,
				65AF64641FC0E240009D6315 /* Dot to Dot v.1.0Tests.xctest */,
				65AF646F1FC0E241009D6315 /* Dot to Dot v.1.0UITests.xctest */,
			);
			name = Products;
			sourceTree = "<group>";
		};
		65AF644E1FC0E240009D6315 /* Dot to Dot v.1.0 */ = {
			isa = PBXGroup;
			children = (
				65AF64851FC0E8F7009D6315 /* Images */,
				65AF64831FC0E8A8009D6315 /* Fonts */,
				65AF644F1FC0E240009D6315 /* AppDelegate.h */,
				65AF64501FC0E240009D6315 /* AppDelegate.m */,
				65AF64521FC0E240009D6315 /* UPIViewController.h */,
				65AF64531FC0E240009D6315 /* UPIViewController.m */,
				65AF64551FC0E240009D6315 /* Main.storyboard */,
				651417C01FC1F52C00030A4C /* InstructionsViewController.h */,
				651417C11FC1F52C00030A4C /* InstructionsViewController.m */,
				651417BD1FC1F49900030A4C /* PageViewController.h */,
				651417BE1FC1F49900030A4C /* PageViewController.m */,
				65AF64581FC0E240009D6315 /* Assets.xcassets */,
				65AF645A1FC0E240009D6315 /* LaunchScreen.storyboard */,
				65AF645D1FC0E240009D6315 /* Info.plist */,
				65AF645E1FC0E240009D6315 /* main.m */,
			);
			path = "Dot to Dot v.1.0";
			sourceTree = "<group>";
		};
		65AF64671FC0E240009D6315 /* Dot to Dot v.1.0Tests */ = {
			isa = PBXGroup;
			children = (
				65AF64681FC0E240009D6315 /* Dot_to_Dot_v_1_0Tests.m */,
				65AF646A1FC0E241009D6315 /* Info.plist */,
			);
			path = "Dot to Dot v.1.0Tests";
			sourceTree = "<group>";
		};
		65AF64721FC0E241009D6315 /* Dot to Dot v.1.0UITests */ = {
			isa = PBXGroup;
			children = (
				65AF64731FC0E241009D6315 /* Dot_to_Dot_v_1_0UITests.m */,
				65AF64751FC0E241009D6315 /* Info.plist */,
			);
			path = "Dot to Dot v.1.0UITests";
			sourceTree = "<group>";
		};
		65AF64831FC0E8A8009D6315 /* Fonts */ = {
			isa = PBXGroup;
			children = (
				65AF64861FC0E9BC009D6315 /* IndieFlower.ttf */,
			);
			path = Fonts;
			sourceTree = "<group>";
		};
		65AF64851FC0E8F7009D6315 /* Images */ = {
			isa = PBXGroup;
			children = (
				65014D9E1FC1A6AB00181B62 /* Main menu background.png */,
				657BA7561FC3613300B11C4B /* Date Picker Square (1).png */,
				65AF64811FC0E782009D6315 /* DotToDot logo.png */,
				657BA7541FC3507700B11C4B /* UPI Background1.2.png */,
			);
			path = Images;
			sourceTree = "<group>";
		};
/* End PBXGroup section */

/* Begin PBXNativeTarget section */
		65AF644B1FC0E240009D6315 /* Dot to Dot v.1.0 */ = {
			isa = PBXNativeTarget;
			buildConfigurationList = 65AF64781FC0E241009D6315 /* Build configuration list for PBXNativeTarget "Dot to Dot v.1.0" */;
			buildPhases = (
				65AF64481FC0E240009D6315 /* Sources */,
				65AF64491FC0E240009D6315 /* Frameworks */,
				65AF644A1FC0E240009D6315 /* Resources */,
			);
			buildRules = (
			);
			dependencies = (
			);
			name = "Dot to Dot v.1.0";
			productName = "Dot to Dot v.1.0";
			productReference = 65AF644C1FC0E240009D6315 /* Dot to Dot v.1.0.app */;
			productType = "com.apple.product-type.application";
		};
		65AF64631FC0E240009D6315 /* Dot to Dot v.1.0Tests */ = {
			isa = PBXNativeTarget;
			buildConfigurationList = 65AF647B1FC0E241009D6315 /* Build configuration list for PBXNativeTarget "Dot to Dot v.1.0Tests" */;
			buildPhases = (
				65AF64601FC0E240009D6315 /* Sources */,
				65AF64611FC0E240009D6315 /* Frameworks */,
				65AF64621FC0E240009D6315 /* Resources */,
			);
			buildRules = (
			);
			dependencies = (
				65AF64661FC0E240009D6315 /* PBXTargetDependency */,
			);
			name = "Dot to Dot v.1.0Tests";
			productName = "Dot to Dot v.1.0Tests";
			productReference = 65AF64641FC0E240009D6315 /* Dot to Dot v.1.0Tests.xctest */;
			productType = "com.apple.product-type.bundle.unit-test";
		};
		65AF646E1FC0E241009D6315 /* Dot to Dot v.1.0UITests */ = {
			isa = PBXNativeTarget;
			buildConfigurationList = 65AF647E1FC0E241009D6315 /* Build configuration list for PBXNativeTarget "Dot to Dot v.1.0UITests" */;
			buildPhases = (
				65AF646B1FC0E241009D6315 /* Sources */,
				65AF646C1FC0E241009D6315 /* Frameworks */,
				65AF646D1FC0E241009D6315 /* Resources */,
			);
			buildRules = (
			);
			dependencies = (
				65AF64711FC0E241009D6315 /* PBXTargetDependency */,
			);
			name = "Dot to Dot v.1.0UITests";
			productName = "Dot to Dot v.1.0UITests";
			productReference = 65AF646F1FC0E241009D6315 /* Dot to Dot v.1.0UITests.xctest */;
			productType = "com.apple.product-type.bundle.ui-testing";
		};
/* End PBXNativeTarget section */

/* Begin PBXProject section */
		65AF64441FC0E240009D6315 /* Project object */ = {
			isa = PBXProject;
			attributes = {
				LastUpgradeCheck = 0910;
				ORGANIZATIONNAME = "University of Leeds";
				TargetAttributes = {
					65AF644B1FC0E240009D6315 = {
						CreatedOnToolsVersion = 9.1;
						ProvisioningStyle = Automatic;
					};
					65AF64631FC0E240009D6315 = {
						CreatedOnToolsVersion = 9.1;
						ProvisioningStyle = Automatic;
						TestTargetID = 65AF644B1FC0E240009D6315;
					};
					65AF646E1FC0E241009D6315 = {
						CreatedOnToolsVersion = 9.1;
						ProvisioningStyle = Automatic;
						TestTargetID = 65AF644B1FC0E240009D6315;
					};
				};
			};
			buildConfigurationList = 65AF64471FC0E240009D6315 /* Build configuration list for PBXProject "Dot to Dot v.1.0" */;
			compatibilityVersion = "Xcode 8.0";
			developmentRegion = en;
			hasScannedForEncodings = 0;
			knownRegions = (
				en,
				Base,
			);
			mainGroup = 65AF64431FC0E240009D6315;
			productRefGroup = 65AF644D1FC0E240009D6315 /* Products */;
			projectDirPath = "";
			projectRoot = "";
			targets = (
				65AF644B1FC0E240009D6315 /* Dot to Dot v.1.0 */,
				65AF64631FC0E240009D6315 /* Dot to Dot v.1.0Tests */,
				65AF646E1FC0E241009D6315 /* Dot to Dot v.1.0UITests */,
			);
		};
/* End PBXProject section */

/* Begin PBXResourcesBuildPhase section */
		65AF644A1FC0E240009D6315 /* Resources */ = {
			isa = PBXResourcesBuildPhase;
			buildActionMask = 2147483647;
			files = (
				65AF64871FC0E9BC009D6315 /* IndieFlower.ttf in Resources */,
				657BA7551FC3507700B11C4B /* UPI Background1.2.png in Resources */,
				65014D9F1FC1A6AB00181B62 /* Main menu background.png in Resources */,
				65AF645C1FC0E240009D6315 /* LaunchScreen.storyboard in Resources */,
				657BA7571FC3613300B11C4B /* Date Picker Square (1).png in Resources */,
				65AF64591FC0E240009D6315 /* Assets.xcassets in Resources */,
				65AF64821FC0E783009D6315 /* DotToDot logo.png in Resources */,
				65AF64571FC0E240009D6315 /* Main.storyboard in Resources */,
			);
			runOnlyForDeploymentPostprocessing = 0;
		};
		65AF64621FC0E240009D6315 /* Resources */ = {
			isa = PBXResourcesBuildPhase;
			buildActionMask = 2147483647;
			files = (
			);
			runOnlyForDeploymentPostprocessing = 0;
		};
		65AF646D1FC0E241009D6315 /* Resources */ = {
			isa = PBXResourcesBuildPhase;
			buildActionMask = 2147483647;
			files = (
			);
			runOnlyForDeploymentPostprocessing = 0;
		};
/* End PBXResourcesBuildPhase section */

/* Begin PBXSourcesBuildPhase section */
		65AF64481FC0E240009D6315 /* Sources */ = {
			isa = PBXSourcesBuildPhase;
			buildActionMask = 2147483647;
			files = (
				65AF64541FC0E240009D6315 /* UPIViewController.m in Sources */,
				65AF645F1FC0E240009D6315 /* main.m in Sources */,
				65AF64511FC0E240009D6315 /* AppDelegate.m in Sources */,
				651417C21FC1F52C00030A4C /* InstructionsViewController.m in Sources */,
				651417BF1FC1F49900030A4C /* PageViewController.m in Sources */,
			);
			runOnlyForDeploymentPostprocessing = 0;
		};
		65AF64601FC0E240009D6315 /* Sources */ = {
			isa = PBXSourcesBuildPhase;
			buildActionMask = 2147483647;
			files = (
				65AF64691FC0E240009D6315 /* Dot_to_Dot_v_1_0Tests.m in Sources */,
			);
			runOnlyForDeploymentPostprocessing = 0;
		};
		65AF646B1FC0E241009D6315 /* Sources */ = {
			isa = PBXSourcesBuildPhase;
			buildActionMask = 2147483647;
			files = (
				65AF64741FC0E241009D6315 /* Dot_to_Dot_v_1_0UITests.m in Sources */,
			);
			runOnlyForDeploymentPostprocessing = 0;
		};
/* End PBXSourcesBuildPhase section */

/* Begin PBXTargetDependency section */
		65AF64661FC0E240009D6315 /* PBXTargetDependency */ = {
			isa = PBXTargetDependency;
			target = 65AF644B1FC0E240009D6315 /* Dot to Dot v.1.0 */;
			targetProxy = 65AF64651FC0E240009D6315 /* PBXContainerItemProxy */;
		};
		65AF64711FC0E241009D6315 /* PBXTargetDependency */ = {
			isa = PBXTargetDependency;
			target = 65AF644B1FC0E240009D6315 /* Dot to Dot v.1.0 */;
			targetProxy = 65AF64701FC0E241009D6315 /* PBXContainerItemProxy */;
		};
/* End PBXTargetDependency section */

/* Begin PBXVariantGroup section */
		65AF64551FC0E240009D6315 /* Main.storyboard */ = {
			isa = PBXVariantGroup;
			children = (
				65AF64561FC0E240009D6315 /* Base */,
			);
			name = Main.storyboard;
			sourceTree = "<group>";
		};
		65AF645A1FC0E240009D6315 /* LaunchScreen.storyboard */ = {
			isa = PBXVariantGroup;
			children = (
				65AF645B1FC0E240009D6315 /* Base */,
			);
			name = LaunchScreen.storyboard;
			sourceTree = "<group>";
		};
/* End PBXVariantGroup section */

/* Begin XCBuildConfiguration section */
		65AF64761FC0E241009D6315 /* Debug */ = {
			isa = XCBuildConfiguration;
			buildSettings = {
				ALWAYS_SEARCH_USER_PATHS = NO;
				CLANG_ANALYZER_NONNULL = YES;
				CLANG_ANALYZER_NUMBER_OBJECT_CONVERSION = YES_AGGRESSIVE;
				CLANG_CXX_LANGUAGE_STANDARD = "gnu++14";
				CLANG_CXX_LIBRARY = "libc++";
				CLANG_ENABLE_MODULES = YES;
				CLANG_ENABLE_OBJC_ARC = YES;
				CLANG_WARN_BLOCK_CAPTURE_AUTORELEASING = YES;
				CLANG_WARN_BOOL_CONVERSION = YES;
				CLANG_WARN_COMMA = YES;
				CLANG_WARN_CONSTANT_CONVERSION = YES;
				CLANG_WARN_DIRECT_OBJC_ISA_USAGE = YES_ERROR;
				CLANG_WARN_DOCUMENTATION_COMMENTS = YES;
				CLANG_WARN_EMPTY_BODY = YES;
				CLANG_WARN_ENUM_CONVERSION = YES;
				CLANG_WARN_INFINITE_RECURSION = YES;
				CLANG_WARN_INT_CONVERSION = YES;
				CLANG_WARN_NON_LITERAL_NULL_CONVERSION = YES;
				CLANG_WARN_OBJC_LITERAL_CONVERSION = YES;
				CLANG_WARN_OBJC_ROOT_CLASS = YES_ERROR;
				CLANG_WARN_RANGE_LOOP_ANALYSIS = YES;
				CLANG_WARN_STRICT_PROTOTYPES = YES;
				CLANG_WARN_SUSPICIOUS_MOVE = YES;
				CLANG_WARN_UNGUARDED_AVAILABILITY = YES_AGGRESSIVE;
				CLANG_WARN_UNREACHABLE_CODE = YES;
				CLANG_WARN__DUPLICATE_METHOD_MATCH = YES;
				CODE_SIGN_IDENTITY = "iPhone Developer";
				COPY_PHASE_STRIP = NO;
				DEBUG_INFORMATION_FORMAT = dwarf;
				ENABLE_STRICT_OBJC_MSGSEND = YES;
				ENABLE_TESTABILITY = YES;
				GCC_C_LANGUAGE_STANDARD = gnu11;
				GCC_DYNAMIC_NO_PIC = NO;
				GCC_NO_COMMON_BLOCKS = YES;
				GCC_OPTIMIZATION_LEVEL = 0;
				GCC_PREPROCESSOR_DEFINITIONS = (
					"DEBUG=1",
					"$(inherited)",
				);
				GCC_WARN_64_TO_32_BIT_CONVERSION = YES;
				GCC_WARN_ABOUT_RETURN_TYPE = YES_ERROR;
				GCC_WARN_UNDECLARED_SELECTOR = YES;
				GCC_WARN_UNINITIALIZED_AUTOS = YES_AGGRESSIVE;
				GCC_WARN_UNUSED_FUNCTION = YES;
				GCC_WARN_UNUSED_VARIABLE = YES;
				IPHONEOS_DEPLOYMENT_TARGET = 11.1;
				MTL_ENABLE_DEBUG_INFO = YES;
				ONLY_ACTIVE_ARCH = YES;
				SDKROOT = iphoneos;
			};
			name = Debug;
		};
		65AF64771FC0E241009D6315 /* Release */ = {
			isa = XCBuildConfiguration;
			buildSettings = {
				ALWAYS_SEARCH_USER_PATHS = NO;
				CLANG_ANALYZER_NONNULL = YES;
				CLANG_ANALYZER_NUMBER_OBJECT_CONVERSION = YES_AGGRESSIVE;
				CLANG_CXX_LANGUAGE_STANDARD = "gnu++14";
				CLANG_CXX_LIBRARY = "libc++";
				CLANG_ENABLE_MODULES = YES;
				CLANG_ENABLE_OBJC_ARC = YES;
				CLANG_WARN_BLOCK_CAPTURE_AUTORELEASING = YES;
				CLANG_WARN_BOOL_CONVERSION = YES;
				CLANG_WARN_COMMA = YES;
				CLANG_WARN_CONSTANT_CONVERSION = YES;
				CLANG_WARN_DIRECT_OBJC_ISA_USAGE = YES_ERROR;
				CLANG_WARN_DOCUMENTATION_COMMENTS = YES;
				CLANG_WARN_EMPTY_BODY = YES;
				CLANG_WARN_ENUM_CONVERSION = YES;
				CLANG_WARN_INFINITE_RECURSION = YES;
				CLANG_WARN_INT_CONVERSION = YES;
				CLANG_WARN_NON_LITERAL_NULL_CONVERSION = YES;
				CLANG_WARN_OBJC_LITERAL_CONVERSION = YES;
				CLANG_WARN_OBJC_ROOT_CLASS = YES_ERROR;
				CLANG_WARN_RANGE_LOOP_ANALYSIS = YES;
				CLANG_WARN_STRICT_PROTOTYPES = YES;
				CLANG_WARN_SUSPICIOUS_MOVE = YES;
				CLANG_WARN_UNGUARDED_AVAILABILITY = YES_AGGRESSIVE;
				CLANG_WARN_UNREACHABLE_CODE = YES;
				CLANG_WARN__DUPLICATE_METHOD_MATCH = YES;
				CODE_SIGN_IDENTITY = "iPhone Developer";
				COPY_PHASE_STRIP = NO;
				DEBUG_INFORMATION_FORMAT = "dwarf-with-dsym";
				ENABLE_NS_ASSERTIONS = NO;
				ENABLE_STRICT_OBJC_MSGSEND = YES;
				GCC_C_LANGUAGE_STANDARD = gnu11;
				GCC_NO_COMMON_BLOCKS = YES;
				GCC_WARN_64_TO_32_BIT_CONVERSION = YES;
				GCC_WARN_ABOUT_RETURN_TYPE = YES_ERROR;
				GCC_WARN_UNDECLARED_SELECTOR = YES;
				GCC_WARN_UNINITIALIZED_AUTOS = YES_AGGRESSIVE;
				GCC_WARN_UNUSED_FUNCTION = YES;
				GCC_WARN_UNUSED_VARIABLE = YES;
				IPHONEOS_DEPLOYMENT_TARGET = 11.1;
				MTL_ENABLE_DEBUG_INFO = NO;
				SDKROOT = iphoneos;
				VALIDATE_PRODUCT = YES;
			};
			name = Release;
		};
		65AF64791FC0E241009D6315 /* Debug */ = {
			isa = XCBuildConfiguration;
			buildSettings = {
				ASSETCATALOG_COMPILER_APPICON_NAME = AppIcon;
				CODE_SIGN_STYLE = Automatic;
				DEVELOPMENT_TEAM = SNEUTR987D;
				INFOPLIST_FILE = "Dot to Dot v.1.0/Info.plist";
				LD_RUNPATH_SEARCH_PATHS = "$(inherited) @executable_path/Frameworks";
				PRODUCT_BUNDLE_IDENTIFIER = "uk.ac.leeds.Dot-to-Dot-v-1-0";
				PRODUCT_NAME = "$(TARGET_NAME)";
				TARGETED_DEVICE_FAMILY = "1,2";
			};
			name = Debug;
		};
		65AF647A1FC0E241009D6315 /* Release */ = {
			isa = XCBuildConfiguration;
			buildSettings = {
				ASSETCATALOG_COMPILER_APPICON_NAME = AppIcon;
				CODE_SIGN_STYLE = Automatic;
				DEVELOPMENT_TEAM = SNEUTR987D;
				INFOPLIST_FILE = "Dot to Dot v.1.0/Info.plist";
				LD_RUNPATH_SEARCH_PATHS = "$(inherited) @executable_path/Frameworks";
				PRODUCT_BUNDLE_IDENTIFIER = "uk.ac.leeds.Dot-to-Dot-v-1-0";
				PRODUCT_NAME = "$(TARGET_NAME)";
				TARGETED_DEVICE_FAMILY = "1,2";
			};
			name = Release;
		};
		65AF647C1FC0E241009D6315 /* Debug */ = {
			isa = XCBuildConfiguration;
			buildSettings = {
				BUNDLE_LOADER = "$(TEST_HOST)";
				CODE_SIGN_STYLE = Automatic;
				DEVELOPMENT_TEAM = SNEUTR987D;
				INFOPLIST_FILE = "Dot to Dot v.1.0Tests/Info.plist";
				LD_RUNPATH_SEARCH_PATHS = "$(inherited) @executable_path/Frameworks @loader_path/Frameworks";
				PRODUCT_BUNDLE_IDENTIFIER = "uk.ac.leeds.Dot-to-Dot-v-1-0Tests";
				PRODUCT_NAME = "$(TARGET_NAME)";
				TARGETED_DEVICE_FAMILY = "1,2";
				TEST_HOST = "$(BUILT_PRODUCTS_DIR)/Dot to Dot v.1.0.app/Dot to Dot v.1.0";
			};
			name = Debug;
		};
		65AF647D1FC0E241009D6315 /* Release */ = {
			isa = XCBuildConfiguration;
			buildSettings = {
				BUNDLE_LOADER = "$(TEST_HOST)";
				CODE_SIGN_STYLE = Automatic;
				DEVELOPMENT_TEAM = SNEUTR987D;
				INFOPLIST_FILE = "Dot to Dot v.1.0Tests/Info.plist";
				LD_RUNPATH_SEARCH_PATHS = "$(inherited) @executable_path/Frameworks @loader_path/Frameworks";
				PRODUCT_BUNDLE_IDENTIFIER = "uk.ac.leeds.Dot-to-Dot-v-1-0Tests";
				PRODUCT_NAME = "$(TARGET_NAME)";
				TARGETED_DEVICE_FAMILY = "1,2";
				TEST_HOST = "$(BUILT_PRODUCTS_DIR)/Dot to Dot v.1.0.app/Dot to Dot v.1.0";
			};
			name = Release;
		};
		65AF647F1FC0E241009D6315 /* Debug */ = {
			isa = XCBuildConfiguration;
			buildSettings = {
				CODE_SIGN_STYLE = Automatic;
				DEVELOPMENT_TEAM = SNEUTR987D;
				INFOPLIST_FILE = "Dot to Dot v.1.0UITests/Info.plist";
				LD_RUNPATH_SEARCH_PATHS = "$(inherited) @executable_path/Frameworks @loader_path/Frameworks";
				PRODUCT_BUNDLE_IDENTIFIER = "uk.ac.leeds.Dot-to-Dot-v-1-0UITests";
				PRODUCT_NAME = "$(TARGET_NAME)";
				TARGETED_DEVICE_FAMILY = "1,2";
				TEST_TARGET_NAME = "Dot to Dot v.1.0";
			};
			name = Debug;
		};
		65AF64801FC0E241009D6315 /* Release */ = {
			isa = XCBuildConfiguration;
			buildSettings = {
				CODE_SIGN_STYLE = Automatic;
				DEVELOPMENT_TEAM = SNEUTR987D;
				INFOPLIST_FILE = "Dot to Dot v.1.0UITests/Info.plist";
				LD_RUNPATH_SEARCH_PATHS = "$(inherited) @executable_path/Frameworks @loader_path/Frameworks";
				PRODUCT_BUNDLE_IDENTIFIER = "uk.ac.leeds.Dot-to-Dot-v-1-0UITests";
				PRODUCT_NAME = "$(TARGET_NAME)";
				TARGETED_DEVICE_FAMILY = "1,2";
				TEST_TARGET_NAME = "Dot to Dot v.1.0";
			};
			name = Release;
		};
/* End XCBuildConfiguration section */

/* Begin XCConfigurationList section */
		65AF64471FC0E240009D6315 /* Build configuration list for PBXProject "Dot to Dot v.1.0" */ = {
			isa = XCConfigurationList;
			buildConfigurations = (
				65AF64761FC0E241009D6315 /* Debug */,
				65AF64771FC0E241009D6315 /* Release */,
			);
			defaultConfigurationIsVisible = 0;
			defaultConfigurationName = Release;
		};
		65AF64781FC0E241009D6315 /* Build configuration list for PBXNativeTarget "Dot to Dot v.1.0" */ = {
			isa = XCConfigurationList;
			buildConfigurations = (
				65AF64791FC0E241009D6315 /* Debug */,
				65AF647A1FC0E241009D6315 /* Release */,
			);
			defaultConfigurationIsVisible = 0;
			defaultConfigurationName = Release;
		};
		65AF647B1FC0E241009D6315 /* Build configuration list for PBXNativeTarget "Dot to Dot v.1.0Tests" */ = {
			isa = XCConfigurationList;
			buildConfigurations = (
				65AF647C1FC0E241009D6315 /* Debug */,
				65AF647D1FC0E241009D6315 /* Release */,
			);
			defaultConfigurationIsVisible = 0;
			defaultConfigurationName = Release;
		};
		65AF647E1FC0E241009D6315 /* Build configuration list for PBXNativeTarget "Dot to Dot v.1.0UITests" */ = {
			isa = XCConfigurationList;
			buildConfigurations = (
				65AF647F1FC0E241009D6315 /* Debug */,
				65AF64801FC0E241009D6315 /* Release */,
			);
			defaultConfigurationIsVisible = 0;
			defaultConfigurationName = Release;
		};
/* End XCConfigurationList section */
	};
	rootObject = 65AF64441FC0E240009D6315 /* Project object */;
}
